
Microsoft Visual Studio Solution File, Format Version 12.00
# Visual Studio Version 17
VisualStudioVersion = 17.1.32210.238
MinimumVisualStudioVersion = 10.0.40219.1
Project("{9A19103F-16F7-4668-BE54-9A1E7A4F7556}") = "DataAccess", "DataAccess\DataAccess.csproj", "{0D299981-DF34-48F1-BEA9-320BD2AE2221}"
EndProject
Project("{9A19103F-16F7-4668-BE54-9A1E7A4F7556}") = "Entitites", "Entitites\Entitites.csproj", "{4D8DE9FC-94BC-4E56-A815-0E60EA8BFA6C}"
EndProject
Project("{9A19103F-16F7-4668-BE54-9A1E7A4F7556}") = "Services", "Services\Services.csproj", "{F8F09FEB-18AF-406E-BB29-21B2034082AD}"
EndProject
Project("{FAE04EC0-301F-11D3-BF4B-00C04F79EFBC}") = "UIWeb", "UIWeb\UIWeb.csproj", "{032C26E1-9A5D-4137-B0F0-3D937C0F1D17}"
EndProject
Global
	GlobalSection(SolutionConfigurationPlatforms) = preSolution
		Debug|Any CPU = Debug|Any CPU
		Release|Any CPU = Release|Any CPU
	EndGlobalSection
	GlobalSection(ProjectConfigurationPlatforms) = postSolution
		{0D299981-DF34-48F1-BEA9-320BD2AE2221}.Debug|Any CPU.ActiveCfg = Debug|Any CPU
		{0D299981-DF34-48F1-BEA9-320BD2AE2221}.Debug|Any CPU.Build.0 = Debug|Any CPU
		{0D299981-DF34-48F1-BEA9-320BD2AE2221}.Release|Any CPU.ActiveCfg = Release|Any CPU
		{0D299981-DF34-48F1-BEA9-320BD2AE2221}.Release|Any CPU.Build.0 = Release|Any CPU
		{4D8DE9FC-94BC-4E56-A815-0E60EA8BFA6C}.Debug|Any CPU.ActiveCfg = Debug|Any CPU
		{4D8DE9FC-94BC-4E56-A815-0E60EA8BFA6C}.Debug|Any CPU.Build.0 = Debug|Any CPU
		{4D8DE9FC-94BC-4E56-A815-0E60EA8BFA6C}.Release|Any CPU.ActiveCfg = Release|Any CPU
		{4D8DE9FC-94BC-4E56-A815-0E60EA8BFA6C}.Release|Any CPU.Build.0 = Release|Any CPU
		{F8F09FEB-18AF-406E-BB29-21B2034082AD}.Debug|Any CPU.ActiveCfg = Debug|Any CPU
		{F8F09FEB-18AF-406E-BB29-21B2034082AD}.Debug|Any CPU.Build.0 = Debug|Any CPU
		{F8F09FEB-18AF-406E-BB29-21B2034082AD}.Release|Any CPU.ActiveCfg = Release|Any CPU
		{F8F09FEB-18AF-406E-BB29-21B2034082AD}.Release|Any CPU.Build.0 = Release|Any CPU
		{032C26E1-9A5D-4137-B0F0-3D937C0F1D17}.Debug|Any CPU.ActiveCfg = Debug|Any CPU
		{032C26E1-9A5D-4137-B0F0-3D937C0F1D17}.Debug|Any CPU.Build.0 = Debug|Any CPU
		{032C26E1-9A5D-4137-B0F0-3D937C0F1D17}.Release|Any CPU.ActiveCfg = Release|Any CPU
		{032C26E1-9A5D-4137-B0F0-3D937C0F1D17}.Release|Any CPU.Build.0 = Release|Any CPU
	EndGlobalSection
	GlobalSection(SolutionProperties) = preSolution
		HideSolutionNode = FALSE
	EndGlobalSection
	GlobalSection(ExtensibilityGlobals) = postSolution
		SolutionGuid = {BB210C03-49BF-42A1-9FE0-C862921C1A8B}
	EndGlobalSection
EndGlobal
